
Microsoft Visual Studio Solution File, Format Version 12.00
# Visual Studio 15
VisualStudioVersion = 15.0.27130.2010
MinimumVisualStudioVersion = 10.0.40219.1
Project("{FAE04EC0-301F-11D3-BF4B-00C04F79EFBC}") = "UWPFramesAndNavigation", "UWPFramesAndNavigation\UWPFramesAndNavigation.csproj", "{29C886B7-694C-4822-9030-80E14EABA422}"
EndProject
Global
	GlobalSection(SolutionConfigurationPlatforms) = preSolution
		Debug|ARM = Debug|ARM
		Debug|x64 = Debug|x64
		Debug|x86 = Debug|x86
		Release|ARM = Release|ARM
		Release|x64 = Release|x64
		Release|x86 = Release|x86
	EndGlobalSection
	GlobalSection(ProjectConfigurationPlatforms) = postSolution
		{29C886B7-694C-4822-9030-80E14EABA422}.Debug|ARM.ActiveCfg = Debug|ARM
		{29C886B7-694C-4822-9030-80E14EABA422}.Debug|ARM.Build.0 = Debug|ARM
		{29C886B7-694C-4822-9030-80E14EABA422}.Debug|ARM.Deploy.0 = Debug|ARM
		{29C886B7-694C-4822-9030-80E14EABA422}.Debug|x64.ActiveCfg = Debug|x64
		{29C886B7-694C-4822-9030-80E14EABA422}.Debug|x64.Build.0 = Debug|x64
		{29C886B7-694C-4822-9030-80E14EABA422}.Debug|x64.Deploy.0 = Debug|x64
		{29C886B7-694C-4822-9030-80E14EABA422}.Debug|x86.ActiveCfg = Debug|x86
		{29C886B7-694C-4822-9030-80E14EABA422}.Debug|x86.Build.0 = Debug|x86
		{29C886B7-694C-4822-9030-80E14EABA422}.Debug|x86.Deploy.0 = Debug|x86
		{29C886B7-694C-4822-9030-80E14EABA422}.Release|ARM.ActiveCfg = Release|ARM
		{29C886B7-694C-4822-9030-80E14EABA422}.Release|ARM.Build.0 = Release|ARM
		{29C886B7-694C-4822-9030-80E14EABA422}.Release|ARM.Deploy.0 = Release|ARM
		{29C886B7-694C-4822-9030-80E14EABA422}.Release|x64.ActiveCfg = Release|x64
		{29C886B7-694C-4822-9030-80E14EABA422}.Release|x64.Build.0 = Release|x64
		{29C886B7-694C-4822-9030-80E14EABA422}.Release|x64.Deploy.0 = Release|x64
		{29C886B7-694C-4822-9030-80E14EABA422}.Release|x86.ActiveCfg = Release|x86
		{29C886B7-694C-4822-9030-80E14EABA422}.Release|x86.Build.0 = Release|x86
		{29C886B7-694C-4822-9030-80E14EABA422}.Release|x86.Deploy.0 = Release|x86
	EndGlobalSection
	GlobalSection(SolutionProperties) = preSolution
		HideSolutionNode = FALSE
	EndGlobalSection
	GlobalSection(ExtensibilityGlobals) = postSolution
		SolutionGuid = {FEE5DC46-0010-450A-ABC2-2ACD534C0C52}
	EndGlobalSection
EndGlobal
